
Microsoft Visual Studio Solution File, Format Version 12.00
Project("{FAE04EC0-301F-11D3-BF4B-00C04F79EFBC}") = "ModularMonolith", "ModularMonolith\ModularMonolith.csproj", "{A65985B2-6EF7-4F6E-A864-074128447DE3}"
EndProject
Project("{FAE04EC0-301F-11D3-BF4B-00C04F79EFBC}") = "Module1.Adapters", "Module1\Module1.Adapters\Module1.Adapters.csproj", "{DF8CB617-9CC7-44B8-9568-EAC2431D2555}"
EndProject
Project("{FAE04EC0-301F-11D3-BF4B-00C04F79EFBC}") = "Module1.Entities", "Module1\Module1.Entities\Module1.Entities.csproj", "{5C858FF6-8156-4CB2-8D68-4492590839A7}"
EndProject
Project("{FAE04EC0-301F-11D3-BF4B-00C04F79EFBC}") = "Module1.UseCases", "Module1\Module1.UseCases\Module1.UseCases.csproj", "{CA337283-691B-4B70-8F1D-16926D140062}"
EndProject
Project("{2150E333-8FDC-42A3-9474-1A3956D46DE8}") = "Module1", "Module1", "{747C49DC-FA41-48EC-91B5-5BC1865A03E8}"
EndProject
Project("{FAE04EC0-301F-11D3-BF4B-00C04F79EFBC}") = "Module2.Api", "Module2\Module2.Api\Module2.Api.csproj", "{FE266CF8-741B-4B7F-847B-F267AF30465B}"
EndProject
Project("{FAE04EC0-301F-11D3-BF4B-00C04F79EFBC}") = "Module2.Infrastructure", "Module2\Module2.Infrastructure\Module2.Infrastructure.csproj", "{3DC7D649-F875-47D6-BC17-F53C3247671D}"
EndProject
Project("{2150E333-8FDC-42A3-9474-1A3956D46DE8}") = "Module2", "Module2", "{D47A1AC8-4491-4988-A03D-FD6FD7634475}"
EndProject
Project("{2150E333-8FDC-42A3-9474-1A3956D46DE8}") = "Module3", "Module3", "{36F21A76-3B04-47CE-93AC-537C069C2B67}"
EndProject
Project("{FAE04EC0-301F-11D3-BF4B-00C04F79EFBC}") = "Module3", "Module3\Module3\Module3.csproj", "{29A2B41D-16F7-43A1-A29F-36DB857629EE}"
EndProject
Global
	GlobalSection(SolutionConfigurationPlatforms) = preSolution
		Debug|Any CPU = Debug|Any CPU
		Release|Any CPU = Release|Any CPU
	EndGlobalSection
	GlobalSection(ProjectConfigurationPlatforms) = postSolution
		{A65985B2-6EF7-4F6E-A864-074128447DE3}.Debug|Any CPU.ActiveCfg = Debug|Any CPU
		{A65985B2-6EF7-4F6E-A864-074128447DE3}.Debug|Any CPU.Build.0 = Debug|Any CPU
		{A65985B2-6EF7-4F6E-A864-074128447DE3}.Release|Any CPU.ActiveCfg = Release|Any CPU
		{A65985B2-6EF7-4F6E-A864-074128447DE3}.Release|Any CPU.Build.0 = Release|Any CPU
		{DF8CB617-9CC7-44B8-9568-EAC2431D2555}.Debug|Any CPU.ActiveCfg = Debug|Any CPU
		{DF8CB617-9CC7-44B8-9568-EAC2431D2555}.Debug|Any CPU.Build.0 = Debug|Any CPU
		{DF8CB617-9CC7-44B8-9568-EAC2431D2555}.Release|Any CPU.ActiveCfg = Release|Any CPU
		{DF8CB617-9CC7-44B8-9568-EAC2431D2555}.Release|Any CPU.Build.0 = Release|Any CPU
		{5C858FF6-8156-4CB2-8D68-4492590839A7}.Debug|Any CPU.ActiveCfg = Debug|Any CPU
		{5C858FF6-8156-4CB2-8D68-4492590839A7}.Debug|Any CPU.Build.0 = Debug|Any CPU
		{5C858FF6-8156-4CB2-8D68-4492590839A7}.Release|Any CPU.ActiveCfg = Release|Any CPU
		{5C858FF6-8156-4CB2-8D68-4492590839A7}.Release|Any CPU.Build.0 = Release|Any CPU
		{CA337283-691B-4B70-8F1D-16926D140062}.Debug|Any CPU.ActiveCfg = Debug|Any CPU
		{CA337283-691B-4B70-8F1D-16926D140062}.Debug|Any CPU.Build.0 = Debug|Any CPU
		{CA337283-691B-4B70-8F1D-16926D140062}.Release|Any CPU.ActiveCfg = Release|Any CPU
		{CA337283-691B-4B70-8F1D-16926D140062}.Release|Any CPU.Build.0 = Release|Any CPU
		{FE266CF8-741B-4B7F-847B-F267AF30465B}.Debug|Any CPU.ActiveCfg = Debug|Any CPU
		{FE266CF8-741B-4B7F-847B-F267AF30465B}.Debug|Any CPU.Build.0 = Debug|Any CPU
		{FE266CF8-741B-4B7F-847B-F267AF30465B}.Release|Any CPU.ActiveCfg = Release|Any CPU
		{FE266CF8-741B-4B7F-847B-F267AF30465B}.Release|Any CPU.Build.0 = Release|Any CPU
		{3DC7D649-F875-47D6-BC17-F53C3247671D}.Debug|Any CPU.ActiveCfg = Debug|Any CPU
		{3DC7D649-F875-47D6-BC17-F53C3247671D}.Debug|Any CPU.Build.0 = Debug|Any CPU
		{3DC7D649-F875-47D6-BC17-F53C3247671D}.Release|Any CPU.ActiveCfg = Release|Any CPU
		{3DC7D649-F875-47D6-BC17-F53C3247671D}.Release|Any CPU.Build.0 = Release|Any CPU
		{29A2B41D-16F7-43A1-A29F-36DB857629EE}.Debug|Any CPU.ActiveCfg = Debug|Any CPU
		{29A2B41D-16F7-43A1-A29F-36DB857629EE}.Debug|Any CPU.Build.0 = Debug|Any CPU
		{29A2B41D-16F7-43A1-A29F-36DB857629EE}.Release|Any CPU.ActiveCfg = Release|Any CPU
		{29A2B41D-16F7-43A1-A29F-36DB857629EE}.Release|Any CPU.Build.0 = Release|Any CPU
	EndGlobalSection
	GlobalSection(NestedProjects) = preSolution
		{DF8CB617-9CC7-44B8-9568-EAC2431D2555} = {747C49DC-FA41-48EC-91B5-5BC1865A03E8}
		{5C858FF6-8156-4CB2-8D68-4492590839A7} = {747C49DC-FA41-48EC-91B5-5BC1865A03E8}
		{CA337283-691B-4B70-8F1D-16926D140062} = {747C49DC-FA41-48EC-91B5-5BC1865A03E8}
		{FE266CF8-741B-4B7F-847B-F267AF30465B} = {D47A1AC8-4491-4988-A03D-FD6FD7634475}
		{3DC7D649-F875-47D6-BC17-F53C3247671D} = {D47A1AC8-4491-4988-A03D-FD6FD7634475}
		{29A2B41D-16F7-43A1-A29F-36DB857629EE} = {36F21A76-3B04-47CE-93AC-537C069C2B67}
	EndGlobalSection
EndGlobal
