
Microsoft Visual Studio Solution File, Format Version 12.00
Project("{FAE04EC0-301F-11D3-BF4B-00C04F79EFBC}") = "Annotations", "Sources\Annotations\Annotations.csproj", "{4CC48DCC-FAAE-4D58-B996-09A71F4FC968}"
EndProject
Project("{2150E333-8FDC-42A3-9474-1A3956D46DE8}") = "Sources", "Sources", "{3B0D37A9-930D-42B4-959F-0F19ADB44165}"
EndProject
Project("{FAE04EC0-301F-11D3-BF4B-00C04F79EFBC}") = "Parser", "Sources\Parser\Parser.csproj", "{DD17C992-D232-498B-89B4-8E608D181957}"
EndProject
Project("{FAE04EC0-301F-11D3-BF4B-00C04F79EFBC}") = "TestRunner", "Sources\TestRunner\TestRunner.csproj", "{525C528B-3BFE-4676-8BED-4FF667E7A22B}"
EndProject
Project("{FAE04EC0-301F-11D3-BF4B-00C04F79EFBC}") = "Parser.Tests", "Sources\Parser.Tests\Parser.Tests.csproj", "{92391C32-7A33-443A-86CD-414F4FA53C3E}"
EndProject
Global
	GlobalSection(SolutionConfigurationPlatforms) = preSolution
		Debug|Any CPU = Debug|Any CPU
		Release|Any CPU = Release|Any CPU
	EndGlobalSection
	GlobalSection(ProjectConfigurationPlatforms) = postSolution
		{4CC48DCC-FAAE-4D58-B996-09A71F4FC968}.Debug|Any CPU.ActiveCfg = Debug|Any CPU
		{4CC48DCC-FAAE-4D58-B996-09A71F4FC968}.Debug|Any CPU.Build.0 = Debug|Any CPU
		{4CC48DCC-FAAE-4D58-B996-09A71F4FC968}.Release|Any CPU.ActiveCfg = Release|Any CPU
		{4CC48DCC-FAAE-4D58-B996-09A71F4FC968}.Release|Any CPU.Build.0 = Release|Any CPU
		{DD17C992-D232-498B-89B4-8E608D181957}.Debug|Any CPU.ActiveCfg = Debug|Any CPU
		{DD17C992-D232-498B-89B4-8E608D181957}.Debug|Any CPU.Build.0 = Debug|Any CPU
		{DD17C992-D232-498B-89B4-8E608D181957}.Release|Any CPU.ActiveCfg = Release|Any CPU
		{DD17C992-D232-498B-89B4-8E608D181957}.Release|Any CPU.Build.0 = Release|Any CPU
		{525C528B-3BFE-4676-8BED-4FF667E7A22B}.Debug|Any CPU.ActiveCfg = Debug|Any CPU
		{525C528B-3BFE-4676-8BED-4FF667E7A22B}.Debug|Any CPU.Build.0 = Debug|Any CPU
		{525C528B-3BFE-4676-8BED-4FF667E7A22B}.Release|Any CPU.ActiveCfg = Release|Any CPU
		{525C528B-3BFE-4676-8BED-4FF667E7A22B}.Release|Any CPU.Build.0 = Release|Any CPU
		{92391C32-7A33-443A-86CD-414F4FA53C3E}.Debug|Any CPU.ActiveCfg = Debug|Any CPU
		{92391C32-7A33-443A-86CD-414F4FA53C3E}.Debug|Any CPU.Build.0 = Debug|Any CPU
		{92391C32-7A33-443A-86CD-414F4FA53C3E}.Release|Any CPU.ActiveCfg = Release|Any CPU
		{92391C32-7A33-443A-86CD-414F4FA53C3E}.Release|Any CPU.Build.0 = Release|Any CPU
	EndGlobalSection
	GlobalSection(NestedProjects) = preSolution
		{4CC48DCC-FAAE-4D58-B996-09A71F4FC968} = {3B0D37A9-930D-42B4-959F-0F19ADB44165}
		{DD17C992-D232-498B-89B4-8E608D181957} = {3B0D37A9-930D-42B4-959F-0F19ADB44165}
		{525C528B-3BFE-4676-8BED-4FF667E7A22B} = {3B0D37A9-930D-42B4-959F-0F19ADB44165}
		{92391C32-7A33-443A-86CD-414F4FA53C3E} = {3B0D37A9-930D-42B4-959F-0F19ADB44165}
	EndGlobalSection
EndGlobal
