
Microsoft Visual Studio Solution File, Format Version 12.00
Project("{FAE04EC0-301F-11D3-BF4B-00C04F79EFBC}") = "Annotations", "Sources\Annotations\Annotations.csproj", "{4CC48DCC-FAAE-4D58-B996-09A71F4FC968}"
EndProject
Project("{2150E333-8FDC-42A3-9474-1A3956D46DE8}") = "Sources", "Sources", "{3B0D37A9-930D-42B4-959F-0F19ADB44165}"
EndProject
Project("{FAE04EC0-301F-11D3-BF4B-00C04F79EFBC}") = "Parser", "Sources\Parser\Parser.csproj", "{DD17C992-D232-498B-89B4-8E608D181957}"
EndProject
Project("{FAE04EC0-301F-11D3-BF4B-00C04F79EFBC}") = "TestRunner", "Sources\TestRunner\TestRunner.csproj", "{525C528B-3BFE-4676-8BED-4FF667E7A22B}"
EndProject
Project("{FAE04EC0-301F-11D3-BF4B-00C04F79EFBC}") = "Parser.Tests", "Sources\Parser.Tests\Parser.Tests.csproj", "{92391C32-7A33-443A-86CD-414F4FA53C3E}"
EndProject
Project("{2150E333-8FDC-42A3-9474-1A3956D46DE8}") = "TestSamples", "TestSamples", "{7448A464-EF7F-42E3-AE9F-A971EDD4F6D6}"
EndProject
Project("{2150E333-8FDC-42A3-9474-1A3956D46DE8}") = "Repository1", "Repository1", "{FB5022EF-2AC5-4349-9501-6F52023FD9C3}"
EndProject
Project("{2150E333-8FDC-42A3-9474-1A3956D46DE8}") = "Repository2", "Repository2", "{B3610620-27AD-4D71-8421-B0FC2441009B}"
EndProject
Project("{2150E333-8FDC-42A3-9474-1A3956D46DE8}") = "Net60", "Net60", "{EEFD4A20-7C7D-4B81-B45C-8A50601E1EC0}"
EndProject
Project("{FAE04EC0-301F-11D3-BF4B-00C04F79EFBC}") = "ModularMonolith", "Sources\TestSamples\Net60\Repository1\ModularMonolith\ModularMonolith.csproj", "{5D94D99E-21AE-43E2-866F-D72D0212E1B9}"
EndProject
Project("{2150E333-8FDC-42A3-9474-1A3956D46DE8}") = "Module1", "Module1", "{9802BC0E-ABD9-4816-9AE3-70F1210657E6}"
EndProject
Project("{2150E333-8FDC-42A3-9474-1A3956D46DE8}") = "Module2", "Module2", "{50BB4911-D2DA-4D4A-A330-150A3B8AD0B0}"
EndProject
Project("{2150E333-8FDC-42A3-9474-1A3956D46DE8}") = "Module3", "Module3", "{2EAA945E-64F7-45A4-B51B-D7C48E493759}"
EndProject
Project("{FAE04EC0-301F-11D3-BF4B-00C04F79EFBC}") = "Module1.UseCases", "Sources\TestSamples\Net60\Repository1\Module1\Module1.UseCases\Module1.UseCases.csproj", "{339D9E67-FC3E-45E3-B82A-71979C2361DE}"
EndProject
Project("{FAE04EC0-301F-11D3-BF4B-00C04F79EFBC}") = "Module1.Adapters", "Sources\TestSamples\Net60\Repository1\Module1\Module1.Adapters\Module1.Adapters.csproj", "{9C5381CB-4906-4C21-A8E9-DD683628ECE9}"
EndProject
Project("{FAE04EC0-301F-11D3-BF4B-00C04F79EFBC}") = "Module1.Entities", "Sources\TestSamples\Net60\Repository1\Module1\Module1.Entities\Module1.Entities.csproj", "{10D83197-BECD-4123-BDA0-ADCC1264FFCA}"
EndProject
Project("{FAE04EC0-301F-11D3-BF4B-00C04F79EFBC}") = "Module2.Api", "Sources\TestSamples\Net60\Repository1\Module2\Module2.Api\Module2.Api.csproj", "{017739A1-85FE-45CC-84C5-1C9940EB9F71}"
EndProject
Project("{FAE04EC0-301F-11D3-BF4B-00C04F79EFBC}") = "Module2.Infrastructure", "Sources\TestSamples\Net60\Repository1\Module2\Module2.Infrastructure\Module2.Infrastructure.csproj", "{FDCD54E0-D0A7-4B3B-A723-6FBF40837922}"
EndProject
Project("{FAE04EC0-301F-11D3-BF4B-00C04F79EFBC}") = "SharedLibrary1", "Sources\TestSamples\Net60\Repository2\SharedLibrary1\SharedLibrary1.csproj", "{F537FF55-1DA6-475F-AD7B-F6CB1C9F7352}"
EndProject
Project("{FAE04EC0-301F-11D3-BF4B-00C04F79EFBC}") = "SharedLibrary2", "Sources\TestSamples\Net60\Repository2\SharedLibrary2\SharedLibrary2.csproj", "{6ECB58DC-F23E-4296-BA1C-CA56A67DA159}"
EndProject
Project("{FAE04EC0-301F-11D3-BF4B-00C04F79EFBC}") = "Service1.PrivateLibrary", "Sources\TestSamples\Net60\Repository2\Service1.PrivateLibrary\Service1.PrivateLibrary.csproj", "{25D2752C-A1BE-4818-8154-2EE2D373C149}"
EndProject
Project("{FAE04EC0-301F-11D3-BF4B-00C04F79EFBC}") = "Service2.PrivateLibrary", "Sources\TestSamples\Net60\Repository2\Service2.PrivateLibrary\Service2.PrivateLibrary.csproj", "{93352887-E9CD-4B09-A56A-CF7C762A6D91}"
EndProject
Project("{FAE04EC0-301F-11D3-BF4B-00C04F79EFBC}") = "Service1", "Sources\TestSamples\Net60\Repository2\Service1\Service1.csproj", "{E2C4E439-2CB3-4CEC-A72D-6D1452B69450}"
EndProject
Project("{FAE04EC0-301F-11D3-BF4B-00C04F79EFBC}") = "Service2", "Sources\TestSamples\Net60\Repository2\Service2\Service2.csproj", "{C193BE8E-9A46-453F-84B1-79FBCBE71CC4}"
EndProject
Project("{FAE04EC0-301F-11D3-BF4B-00C04F79EFBC}") = "Module3", "Sources\TestSamples\Net60\Repository1\Module3\Module3\Module3.csproj", "{862FEC7C-B46E-4606-B10F-959855C42F14}"
EndProject
Global
	GlobalSection(SolutionConfigurationPlatforms) = preSolution
		Debug|Any CPU = Debug|Any CPU
		Release|Any CPU = Release|Any CPU
	EndGlobalSection
	GlobalSection(ProjectConfigurationPlatforms) = postSolution
		{4CC48DCC-FAAE-4D58-B996-09A71F4FC968}.Debug|Any CPU.ActiveCfg = Debug|Any CPU
		{4CC48DCC-FAAE-4D58-B996-09A71F4FC968}.Debug|Any CPU.Build.0 = Debug|Any CPU
		{4CC48DCC-FAAE-4D58-B996-09A71F4FC968}.Release|Any CPU.ActiveCfg = Release|Any CPU
		{4CC48DCC-FAAE-4D58-B996-09A71F4FC968}.Release|Any CPU.Build.0 = Release|Any CPU
		{DD17C992-D232-498B-89B4-8E608D181957}.Debug|Any CPU.ActiveCfg = Debug|Any CPU
		{DD17C992-D232-498B-89B4-8E608D181957}.Debug|Any CPU.Build.0 = Debug|Any CPU
		{DD17C992-D232-498B-89B4-8E608D181957}.Release|Any CPU.ActiveCfg = Release|Any CPU
		{DD17C992-D232-498B-89B4-8E608D181957}.Release|Any CPU.Build.0 = Release|Any CPU
		{525C528B-3BFE-4676-8BED-4FF667E7A22B}.Debug|Any CPU.ActiveCfg = Debug|Any CPU
		{525C528B-3BFE-4676-8BED-4FF667E7A22B}.Debug|Any CPU.Build.0 = Debug|Any CPU
		{525C528B-3BFE-4676-8BED-4FF667E7A22B}.Release|Any CPU.ActiveCfg = Release|Any CPU
		{525C528B-3BFE-4676-8BED-4FF667E7A22B}.Release|Any CPU.Build.0 = Release|Any CPU
		{92391C32-7A33-443A-86CD-414F4FA53C3E}.Debug|Any CPU.ActiveCfg = Debug|Any CPU
		{92391C32-7A33-443A-86CD-414F4FA53C3E}.Debug|Any CPU.Build.0 = Debug|Any CPU
		{92391C32-7A33-443A-86CD-414F4FA53C3E}.Release|Any CPU.ActiveCfg = Release|Any CPU
		{92391C32-7A33-443A-86CD-414F4FA53C3E}.Release|Any CPU.Build.0 = Release|Any CPU
		{5D94D99E-21AE-43E2-866F-D72D0212E1B9}.Debug|Any CPU.ActiveCfg = Debug|Any CPU
		{5D94D99E-21AE-43E2-866F-D72D0212E1B9}.Debug|Any CPU.Build.0 = Debug|Any CPU
		{5D94D99E-21AE-43E2-866F-D72D0212E1B9}.Release|Any CPU.ActiveCfg = Release|Any CPU
		{5D94D99E-21AE-43E2-866F-D72D0212E1B9}.Release|Any CPU.Build.0 = Release|Any CPU
		{339D9E67-FC3E-45E3-B82A-71979C2361DE}.Debug|Any CPU.ActiveCfg = Debug|Any CPU
		{339D9E67-FC3E-45E3-B82A-71979C2361DE}.Debug|Any CPU.Build.0 = Debug|Any CPU
		{339D9E67-FC3E-45E3-B82A-71979C2361DE}.Release|Any CPU.ActiveCfg = Release|Any CPU
		{339D9E67-FC3E-45E3-B82A-71979C2361DE}.Release|Any CPU.Build.0 = Release|Any CPU
		{9C5381CB-4906-4C21-A8E9-DD683628ECE9}.Debug|Any CPU.ActiveCfg = Debug|Any CPU
		{9C5381CB-4906-4C21-A8E9-DD683628ECE9}.Debug|Any CPU.Build.0 = Debug|Any CPU
		{9C5381CB-4906-4C21-A8E9-DD683628ECE9}.Release|Any CPU.ActiveCfg = Release|Any CPU
		{9C5381CB-4906-4C21-A8E9-DD683628ECE9}.Release|Any CPU.Build.0 = Release|Any CPU
		{10D83197-BECD-4123-BDA0-ADCC1264FFCA}.Debug|Any CPU.ActiveCfg = Debug|Any CPU
		{10D83197-BECD-4123-BDA0-ADCC1264FFCA}.Debug|Any CPU.Build.0 = Debug|Any CPU
		{10D83197-BECD-4123-BDA0-ADCC1264FFCA}.Release|Any CPU.ActiveCfg = Release|Any CPU
		{10D83197-BECD-4123-BDA0-ADCC1264FFCA}.Release|Any CPU.Build.0 = Release|Any CPU
		{017739A1-85FE-45CC-84C5-1C9940EB9F71}.Debug|Any CPU.ActiveCfg = Debug|Any CPU
		{017739A1-85FE-45CC-84C5-1C9940EB9F71}.Debug|Any CPU.Build.0 = Debug|Any CPU
		{017739A1-85FE-45CC-84C5-1C9940EB9F71}.Release|Any CPU.ActiveCfg = Release|Any CPU
		{017739A1-85FE-45CC-84C5-1C9940EB9F71}.Release|Any CPU.Build.0 = Release|Any CPU
		{FDCD54E0-D0A7-4B3B-A723-6FBF40837922}.Debug|Any CPU.ActiveCfg = Debug|Any CPU
		{FDCD54E0-D0A7-4B3B-A723-6FBF40837922}.Debug|Any CPU.Build.0 = Debug|Any CPU
		{FDCD54E0-D0A7-4B3B-A723-6FBF40837922}.Release|Any CPU.ActiveCfg = Release|Any CPU
		{FDCD54E0-D0A7-4B3B-A723-6FBF40837922}.Release|Any CPU.Build.0 = Release|Any CPU
		{F537FF55-1DA6-475F-AD7B-F6CB1C9F7352}.Debug|Any CPU.ActiveCfg = Debug|Any CPU
		{F537FF55-1DA6-475F-AD7B-F6CB1C9F7352}.Debug|Any CPU.Build.0 = Debug|Any CPU
		{F537FF55-1DA6-475F-AD7B-F6CB1C9F7352}.Release|Any CPU.ActiveCfg = Release|Any CPU
		{F537FF55-1DA6-475F-AD7B-F6CB1C9F7352}.Release|Any CPU.Build.0 = Release|Any CPU
		{6ECB58DC-F23E-4296-BA1C-CA56A67DA159}.Debug|Any CPU.ActiveCfg = Debug|Any CPU
		{6ECB58DC-F23E-4296-BA1C-CA56A67DA159}.Debug|Any CPU.Build.0 = Debug|Any CPU
		{6ECB58DC-F23E-4296-BA1C-CA56A67DA159}.Release|Any CPU.ActiveCfg = Release|Any CPU
		{6ECB58DC-F23E-4296-BA1C-CA56A67DA159}.Release|Any CPU.Build.0 = Release|Any CPU
		{25D2752C-A1BE-4818-8154-2EE2D373C149}.Debug|Any CPU.ActiveCfg = Debug|Any CPU
		{25D2752C-A1BE-4818-8154-2EE2D373C149}.Debug|Any CPU.Build.0 = Debug|Any CPU
		{25D2752C-A1BE-4818-8154-2EE2D373C149}.Release|Any CPU.ActiveCfg = Release|Any CPU
		{25D2752C-A1BE-4818-8154-2EE2D373C149}.Release|Any CPU.Build.0 = Release|Any CPU
		{93352887-E9CD-4B09-A56A-CF7C762A6D91}.Debug|Any CPU.ActiveCfg = Debug|Any CPU
		{93352887-E9CD-4B09-A56A-CF7C762A6D91}.Debug|Any CPU.Build.0 = Debug|Any CPU
		{93352887-E9CD-4B09-A56A-CF7C762A6D91}.Release|Any CPU.ActiveCfg = Release|Any CPU
		{93352887-E9CD-4B09-A56A-CF7C762A6D91}.Release|Any CPU.Build.0 = Release|Any CPU
		{E2C4E439-2CB3-4CEC-A72D-6D1452B69450}.Debug|Any CPU.ActiveCfg = Debug|Any CPU
		{E2C4E439-2CB3-4CEC-A72D-6D1452B69450}.Debug|Any CPU.Build.0 = Debug|Any CPU
		{E2C4E439-2CB3-4CEC-A72D-6D1452B69450}.Release|Any CPU.ActiveCfg = Release|Any CPU
		{E2C4E439-2CB3-4CEC-A72D-6D1452B69450}.Release|Any CPU.Build.0 = Release|Any CPU
		{C193BE8E-9A46-453F-84B1-79FBCBE71CC4}.Debug|Any CPU.ActiveCfg = Debug|Any CPU
		{C193BE8E-9A46-453F-84B1-79FBCBE71CC4}.Debug|Any CPU.Build.0 = Debug|Any CPU
		{C193BE8E-9A46-453F-84B1-79FBCBE71CC4}.Release|Any CPU.ActiveCfg = Release|Any CPU
		{C193BE8E-9A46-453F-84B1-79FBCBE71CC4}.Release|Any CPU.Build.0 = Release|Any CPU
		{862FEC7C-B46E-4606-B10F-959855C42F14}.Debug|Any CPU.ActiveCfg = Debug|Any CPU
		{862FEC7C-B46E-4606-B10F-959855C42F14}.Debug|Any CPU.Build.0 = Debug|Any CPU
		{862FEC7C-B46E-4606-B10F-959855C42F14}.Release|Any CPU.ActiveCfg = Release|Any CPU
		{862FEC7C-B46E-4606-B10F-959855C42F14}.Release|Any CPU.Build.0 = Release|Any CPU
	EndGlobalSection
	GlobalSection(NestedProjects) = preSolution
		{4CC48DCC-FAAE-4D58-B996-09A71F4FC968} = {3B0D37A9-930D-42B4-959F-0F19ADB44165}
		{DD17C992-D232-498B-89B4-8E608D181957} = {3B0D37A9-930D-42B4-959F-0F19ADB44165}
		{525C528B-3BFE-4676-8BED-4FF667E7A22B} = {3B0D37A9-930D-42B4-959F-0F19ADB44165}
		{92391C32-7A33-443A-86CD-414F4FA53C3E} = {3B0D37A9-930D-42B4-959F-0F19ADB44165}
		{7448A464-EF7F-42E3-AE9F-A971EDD4F6D6} = {3B0D37A9-930D-42B4-959F-0F19ADB44165}
		{EEFD4A20-7C7D-4B81-B45C-8A50601E1EC0} = {7448A464-EF7F-42E3-AE9F-A971EDD4F6D6}
		{FB5022EF-2AC5-4349-9501-6F52023FD9C3} = {EEFD4A20-7C7D-4B81-B45C-8A50601E1EC0}
		{B3610620-27AD-4D71-8421-B0FC2441009B} = {EEFD4A20-7C7D-4B81-B45C-8A50601E1EC0}
		{5D94D99E-21AE-43E2-866F-D72D0212E1B9} = {FB5022EF-2AC5-4349-9501-6F52023FD9C3}
		{9802BC0E-ABD9-4816-9AE3-70F1210657E6} = {FB5022EF-2AC5-4349-9501-6F52023FD9C3}
		{50BB4911-D2DA-4D4A-A330-150A3B8AD0B0} = {FB5022EF-2AC5-4349-9501-6F52023FD9C3}
		{2EAA945E-64F7-45A4-B51B-D7C48E493759} = {FB5022EF-2AC5-4349-9501-6F52023FD9C3}
		{339D9E67-FC3E-45E3-B82A-71979C2361DE} = {9802BC0E-ABD9-4816-9AE3-70F1210657E6}
		{9C5381CB-4906-4C21-A8E9-DD683628ECE9} = {9802BC0E-ABD9-4816-9AE3-70F1210657E6}
		{10D83197-BECD-4123-BDA0-ADCC1264FFCA} = {9802BC0E-ABD9-4816-9AE3-70F1210657E6}
		{017739A1-85FE-45CC-84C5-1C9940EB9F71} = {50BB4911-D2DA-4D4A-A330-150A3B8AD0B0}
		{FDCD54E0-D0A7-4B3B-A723-6FBF40837922} = {50BB4911-D2DA-4D4A-A330-150A3B8AD0B0}
		{F537FF55-1DA6-475F-AD7B-F6CB1C9F7352} = {B3610620-27AD-4D71-8421-B0FC2441009B}
		{6ECB58DC-F23E-4296-BA1C-CA56A67DA159} = {B3610620-27AD-4D71-8421-B0FC2441009B}
		{25D2752C-A1BE-4818-8154-2EE2D373C149} = {B3610620-27AD-4D71-8421-B0FC2441009B}
		{93352887-E9CD-4B09-A56A-CF7C762A6D91} = {B3610620-27AD-4D71-8421-B0FC2441009B}
		{E2C4E439-2CB3-4CEC-A72D-6D1452B69450} = {B3610620-27AD-4D71-8421-B0FC2441009B}
		{C193BE8E-9A46-453F-84B1-79FBCBE71CC4} = {B3610620-27AD-4D71-8421-B0FC2441009B}
		{862FEC7C-B46E-4606-B10F-959855C42F14} = {2EAA945E-64F7-45A4-B51B-D7C48E493759}
	EndGlobalSection
EndGlobal
