
Microsoft Visual Studio Solution File, Format Version 12.00
Project("{FAE04EC0-301F-11D3-BF4B-00C04F79EFBC}") = "Library", "Library\Library.csproj", "{7D1E9284-1631-4789-9020-8584668ED2D0}"
EndProject
Global
	GlobalSection(SolutionConfigurationPlatforms) = preSolution
		Debug|Any CPU = Debug|Any CPU
		Release|Any CPU = Release|Any CPU
	EndGlobalSection
	GlobalSection(ProjectConfigurationPlatforms) = postSolution
		{7D1E9284-1631-4789-9020-8584668ED2D0}.Debug|Any CPU.ActiveCfg = Debug|Any CPU
		{7D1E9284-1631-4789-9020-8584668ED2D0}.Debug|Any CPU.Build.0 = Debug|Any CPU
		{7D1E9284-1631-4789-9020-8584668ED2D0}.Release|Any CPU.ActiveCfg = Release|Any CPU
		{7D1E9284-1631-4789-9020-8584668ED2D0}.Release|Any CPU.Build.0 = Release|Any CPU
	EndGlobalSection
EndGlobal
