
Microsoft Visual Studio Solution File, Format Version 12.00
Project("{FAE04EC0-301F-11D3-BF4B-00C04F79EFBC}") = "Service2", "Service2\Service2.csproj", "{C8064DF2-1BC5-4B87-8CCF-6AD5E8D326A1}"
EndProject
Project("{FAE04EC0-301F-11D3-BF4B-00C04F79EFBC}") = "Service2.PrivateLibrary", "Service2.PrivateLibrary\Service2.PrivateLibrary.csproj", "{E58EA78D-69AB-42EB-9812-68DF44630BD3}"
EndProject
Project("{FAE04EC0-301F-11D3-BF4B-00C04F79EFBC}") = "SharedLibrary1", "SharedLibrary1\SharedLibrary1.csproj", "{EF8BD400-598B-43B8-96FF-0C410DC2BDC4}"
EndProject
Project("{FAE04EC0-301F-11D3-BF4B-00C04F79EFBC}") = "SharedLibrary2", "SharedLibrary2\SharedLibrary2.csproj", "{E21C7D5C-1AB3-418A-8307-21A1FB2E3767}"
EndProject
Global
	GlobalSection(SolutionConfigurationPlatforms) = preSolution
		Debug|Any CPU = Debug|Any CPU
		Release|Any CPU = Release|Any CPU
	EndGlobalSection
	GlobalSection(ProjectConfigurationPlatforms) = postSolution
		{C8064DF2-1BC5-4B87-8CCF-6AD5E8D326A1}.Debug|Any CPU.ActiveCfg = Debug|Any CPU
		{C8064DF2-1BC5-4B87-8CCF-6AD5E8D326A1}.Debug|Any CPU.Build.0 = Debug|Any CPU
		{C8064DF2-1BC5-4B87-8CCF-6AD5E8D326A1}.Release|Any CPU.ActiveCfg = Release|Any CPU
		{C8064DF2-1BC5-4B87-8CCF-6AD5E8D326A1}.Release|Any CPU.Build.0 = Release|Any CPU
		{E58EA78D-69AB-42EB-9812-68DF44630BD3}.Debug|Any CPU.ActiveCfg = Debug|Any CPU
		{E58EA78D-69AB-42EB-9812-68DF44630BD3}.Debug|Any CPU.Build.0 = Debug|Any CPU
		{E58EA78D-69AB-42EB-9812-68DF44630BD3}.Release|Any CPU.ActiveCfg = Release|Any CPU
		{E58EA78D-69AB-42EB-9812-68DF44630BD3}.Release|Any CPU.Build.0 = Release|Any CPU
		{EF8BD400-598B-43B8-96FF-0C410DC2BDC4}.Debug|Any CPU.ActiveCfg = Debug|Any CPU
		{EF8BD400-598B-43B8-96FF-0C410DC2BDC4}.Debug|Any CPU.Build.0 = Debug|Any CPU
		{EF8BD400-598B-43B8-96FF-0C410DC2BDC4}.Release|Any CPU.ActiveCfg = Release|Any CPU
		{EF8BD400-598B-43B8-96FF-0C410DC2BDC4}.Release|Any CPU.Build.0 = Release|Any CPU
		{E21C7D5C-1AB3-418A-8307-21A1FB2E3767}.Debug|Any CPU.ActiveCfg = Debug|Any CPU
		{E21C7D5C-1AB3-418A-8307-21A1FB2E3767}.Debug|Any CPU.Build.0 = Debug|Any CPU
		{E21C7D5C-1AB3-418A-8307-21A1FB2E3767}.Release|Any CPU.ActiveCfg = Release|Any CPU
		{E21C7D5C-1AB3-418A-8307-21A1FB2E3767}.Release|Any CPU.Build.0 = Release|Any CPU
	EndGlobalSection
EndGlobal
